
Microsoft Visual Studio Solution File, Format Version 12.00
# Visual Studio 14
VisualStudioVersion = 14.0.25420.1
MinimumVisualStudioVersion = 10.0.40219.1
Project("{FAE04EC0-301F-11D3-BF4B-00C04F79EFBC}") = "DB", "DB\DB.csproj", "{183F17D9-079D-499B-9857-2DC7C621B105}"
EndProject
Project("{FAE04EC0-301F-11D3-BF4B-00C04F79EFBC}") = "ElasticSearchApp", "ElasticSearchApp\ElasticSearchApp.csproj", "{7F5B4523-92A8-48EB-BA5F-DC2B07097ECE}"
EndProject
Project("{2150E333-8FDC-42A3-9474-1A3956D46DE8}") = "Solution Items", "Solution Items", "{6A2F1F97-FED5-46A7-9E7E-F7550D158352}"
	ProjectSection(SolutionItems) = preProject
		WebEssentials2015-Settings.json = WebEssentials2015-Settings.json
	EndProjectSection
EndProject
Global
	GlobalSection(SolutionConfigurationPlatforms) = preSolution
		Debug|Any CPU = Debug|Any CPU
		Release|Any CPU = Release|Any CPU
	EndGlobalSection
	GlobalSection(ProjectConfigurationPlatforms) = postSolution
		{183F17D9-079D-499B-9857-2DC7C621B105}.Debug|Any CPU.ActiveCfg = Debug|Any CPU
		{183F17D9-079D-499B-9857-2DC7C621B105}.Debug|Any CPU.Build.0 = Debug|Any CPU
		{183F17D9-079D-499B-9857-2DC7C621B105}.Release|Any CPU.ActiveCfg = Release|Any CPU
		{183F17D9-079D-499B-9857-2DC7C621B105}.Release|Any CPU.Build.0 = Release|Any CPU
		{7F5B4523-92A8-48EB-BA5F-DC2B07097ECE}.Debug|Any CPU.ActiveCfg = Debug|Any CPU
		{7F5B4523-92A8-48EB-BA5F-DC2B07097ECE}.Debug|Any CPU.Build.0 = Debug|Any CPU
		{7F5B4523-92A8-48EB-BA5F-DC2B07097ECE}.Release|Any CPU.ActiveCfg = Release|Any CPU
		{7F5B4523-92A8-48EB-BA5F-DC2B07097ECE}.Release|Any CPU.Build.0 = Release|Any CPU
	EndGlobalSection
	GlobalSection(SolutionProperties) = preSolution
		HideSolutionNode = FALSE
	EndGlobalSection
EndGlobal
